
Microsoft Visual Studio Solution File, Format Version 12.00
# Visual Studio 15
VisualStudioVersion = 15.0.27130.2003
MinimumVisualStudioVersion = 10.0.40219.1
Project("{FAE04EC0-301F-11D3-BF4B-00C04F79EFBC}") = "крестики-нолики", "крестики-нолики\крестики-нолики.csproj", "{89D17F90-7AFD-4A31-998B-21F6D535C732}"
EndProject
Global
	GlobalSection(SolutionConfigurationPlatforms) = preSolution
		Debug|Any CPU = Debug|Any CPU
		Release|Any CPU = Release|Any CPU
	EndGlobalSection
	GlobalSection(ProjectConfigurationPlatforms) = postSolution
		{89D17F90-7AFD-4A31-998B-21F6D535C732}.Debug|Any CPU.ActiveCfg = Debug|Any CPU
		{89D17F90-7AFD-4A31-998B-21F6D535C732}.Debug|Any CPU.Build.0 = Debug|Any CPU
		{89D17F90-7AFD-4A31-998B-21F6D535C732}.Release|Any CPU.ActiveCfg = Release|Any CPU
		{89D17F90-7AFD-4A31-998B-21F6D535C732}.Release|Any CPU.Build.0 = Release|Any CPU
	EndGlobalSection
	GlobalSection(SolutionProperties) = preSolution
		HideSolutionNode = FALSE
	EndGlobalSection
	GlobalSection(ExtensibilityGlobals) = postSolution
		SolutionGuid = {4D167C73-E55C-4840-ABA2-3397C54771BE}
	EndGlobalSection
EndGlobal
